
Microsoft Visual Studio Solution File, Format Version 12.00
# Visual Studio Version 17
VisualStudioVersion = 17.7.34202.233
MinimumVisualStudioVersion = 10.0.40219.1
Project("{2150E333-8FDC-42A3-9474-1A3956D46DE8}") = "Services", "Services", "{4E2C03ED-3494-4ADC-BF08-FFF6CD19F50B}"
EndProject
Project("{2150E333-8FDC-42A3-9474-1A3956D46DE8}") = "Catalog", "Catalog", "{A05E1F4A-2D1E-4F23-B4DF-BF34E47DEA43}"
EndProject
Project("{9A19103F-16F7-4668-BE54-9A1E7A4F7556}") = "Catalog.API", "Services\Catalog\Catalog.API\Catalog.API.csproj", "{F63233D5-B4FA-43AB-A41B-2BEF19527489}"
EndProject
Project("{E53339B2-1760-4266-BCC7-CA923CBCF16C}") = "docker-compose", "docker-compose.dcproj", "{600426D5-BFEE-43D1-8C4B-09B7599241B8}"
EndProject
Project("{2150E333-8FDC-42A3-9474-1A3956D46DE8}") = "Basket", "Basket", "{DD427F4E-6658-42C0-86FD-A6819A1B4C6A}"
EndProject
Project("{9A19103F-16F7-4668-BE54-9A1E7A4F7556}") = "Basket.API", "Services\Basket\Basket.API\Basket.API.csproj", "{795B0FF5-6E74-4506-B1DD-83C5906C4D77}"
EndProject
Project("{2150E333-8FDC-42A3-9474-1A3956D46DE8}") = "Discount", "Discount", "{BE49F737-EA37-44B8-A21B-1E468CB2D26C}"
EndProject
Project("{9A19103F-16F7-4668-BE54-9A1E7A4F7556}") = "Discount.API", "Services\Discount\Discount.API\Discount.API.csproj", "{824D0ABD-769B-4AC9-88BD-B48E812E6A4D}"
EndProject
Project("{9A19103F-16F7-4668-BE54-9A1E7A4F7556}") = "Discount.Grpc", "Services\Discount\Discount.Grpc\Discount.Grpc.csproj", "{1285E9E9-BF80-472D-9C73-36EBF81672F5}"
EndProject
Project("{2150E333-8FDC-42A3-9474-1A3956D46DE8}") = "Ordering", "Ordering", "{EC8C51D8-7EE4-4F6F-8D99-B73AE3A44104}"
EndProject
Project("{9A19103F-16F7-4668-BE54-9A1E7A4F7556}") = "Ordering.API", "Services\Ordering\Ordering.API\Ordering.API.csproj", "{DAF61213-2746-4564-82ED-E2ED53F59F5D}"
EndProject
Project("{9A19103F-16F7-4668-BE54-9A1E7A4F7556}") = "Ordering.Domain", "Services\Ordering\Ordering.Domain\Ordering.Domain.csproj", "{4729F7C0-53EC-487A-9E55-74F7D29FBEFC}"
EndProject
Project("{9A19103F-16F7-4668-BE54-9A1E7A4F7556}") = "Ordering.Application", "Services\Ordering\Ordering.Application\Ordering.Application.csproj", "{1043EEF0-F58F-4229-8683-674B6CB64B2A}"
EndProject
Project("{9A19103F-16F7-4668-BE54-9A1E7A4F7556}") = "Ordering.Infrastructure", "Services\Ordering\Ordering.Infrastructure\Ordering.Infrastructure.csproj", "{118EFA9B-B61F-4A33-8BE3-B6F0CC756E24}"
EndProject
Project("{2150E333-8FDC-42A3-9474-1A3956D46DE8}") = "BuildingBlocks", "BuildingBlocks", "{1FB200E2-7E88-4DEC-B124-154949057DD8}"
EndProject
Project("{9A19103F-16F7-4668-BE54-9A1E7A4F7556}") = "EventBus.Messages", "BuildingBlocks\EventBus.Messages\EventBus.Messages.csproj", "{4E8A0F4B-FE84-49F2-907C-27D56DF8E593}"
EndProject
Project("{2150E333-8FDC-42A3-9474-1A3956D46DE8}") = "ApiGateways", "ApiGateways", "{C4B810F2-8BFB-4DC0-97E6-0827FA5DA35F}"
EndProject
Project("{9A19103F-16F7-4668-BE54-9A1E7A4F7556}") = "OcelotAPIGateway", "ApiGateways\OcelotAPIGateway\OcelotAPIGateway.csproj", "{7FF7C1B0-79E5-4D90-9B6B-660A903F5313}"
EndProject
Project("{FAE04EC0-301F-11D3-BF4B-00C04F79EFBC}") = "Shopping.Aggregator", "ApiGateways\Shopping.Aggregator\Shopping.Aggregator.csproj", "{F44AF38A-9BBD-4209-A802-917A216E5EE2}"
EndProject
Global
	GlobalSection(SolutionConfigurationPlatforms) = preSolution
		Debug|Any CPU = Debug|Any CPU
		Release|Any CPU = Release|Any CPU
	EndGlobalSection
	GlobalSection(ProjectConfigurationPlatforms) = postSolution
		{F63233D5-B4FA-43AB-A41B-2BEF19527489}.Debug|Any CPU.ActiveCfg = Debug|Any CPU
		{F63233D5-B4FA-43AB-A41B-2BEF19527489}.Debug|Any CPU.Build.0 = Debug|Any CPU
		{F63233D5-B4FA-43AB-A41B-2BEF19527489}.Release|Any CPU.ActiveCfg = Release|Any CPU
		{F63233D5-B4FA-43AB-A41B-2BEF19527489}.Release|Any CPU.Build.0 = Release|Any CPU
		{600426D5-BFEE-43D1-8C4B-09B7599241B8}.Debug|Any CPU.ActiveCfg = Debug|Any CPU
		{600426D5-BFEE-43D1-8C4B-09B7599241B8}.Debug|Any CPU.Build.0 = Debug|Any CPU
		{600426D5-BFEE-43D1-8C4B-09B7599241B8}.Release|Any CPU.ActiveCfg = Release|Any CPU
		{600426D5-BFEE-43D1-8C4B-09B7599241B8}.Release|Any CPU.Build.0 = Release|Any CPU
		{795B0FF5-6E74-4506-B1DD-83C5906C4D77}.Debug|Any CPU.ActiveCfg = Debug|Any CPU
		{795B0FF5-6E74-4506-B1DD-83C5906C4D77}.Debug|Any CPU.Build.0 = Debug|Any CPU
		{795B0FF5-6E74-4506-B1DD-83C5906C4D77}.Release|Any CPU.ActiveCfg = Release|Any CPU
		{795B0FF5-6E74-4506-B1DD-83C5906C4D77}.Release|Any CPU.Build.0 = Release|Any CPU
		{824D0ABD-769B-4AC9-88BD-B48E812E6A4D}.Debug|Any CPU.ActiveCfg = Debug|Any CPU
		{824D0ABD-769B-4AC9-88BD-B48E812E6A4D}.Debug|Any CPU.Build.0 = Debug|Any CPU
		{824D0ABD-769B-4AC9-88BD-B48E812E6A4D}.Release|Any CPU.ActiveCfg = Release|Any CPU
		{824D0ABD-769B-4AC9-88BD-B48E812E6A4D}.Release|Any CPU.Build.0 = Release|Any CPU
		{1285E9E9-BF80-472D-9C73-36EBF81672F5}.Debug|Any CPU.ActiveCfg = Debug|Any CPU
		{1285E9E9-BF80-472D-9C73-36EBF81672F5}.Debug|Any CPU.Build.0 = Debug|Any CPU
		{1285E9E9-BF80-472D-9C73-36EBF81672F5}.Release|Any CPU.ActiveCfg = Release|Any CPU
		{1285E9E9-BF80-472D-9C73-36EBF81672F5}.Release|Any CPU.Build.0 = Release|Any CPU
		{DAF61213-2746-4564-82ED-E2ED53F59F5D}.Debug|Any CPU.ActiveCfg = Debug|Any CPU
		{DAF61213-2746-4564-82ED-E2ED53F59F5D}.Debug|Any CPU.Build.0 = Debug|Any CPU
		{DAF61213-2746-4564-82ED-E2ED53F59F5D}.Release|Any CPU.ActiveCfg = Release|Any CPU
		{DAF61213-2746-4564-82ED-E2ED53F59F5D}.Release|Any CPU.Build.0 = Release|Any CPU
		{4729F7C0-53EC-487A-9E55-74F7D29FBEFC}.Debug|Any CPU.ActiveCfg = Debug|Any CPU
		{4729F7C0-53EC-487A-9E55-74F7D29FBEFC}.Debug|Any CPU.Build.0 = Debug|Any CPU
		{4729F7C0-53EC-487A-9E55-74F7D29FBEFC}.Release|Any CPU.ActiveCfg = Release|Any CPU
		{4729F7C0-53EC-487A-9E55-74F7D29FBEFC}.Release|Any CPU.Build.0 = Release|Any CPU
		{1043EEF0-F58F-4229-8683-674B6CB64B2A}.Debug|Any CPU.ActiveCfg = Debug|Any CPU
		{1043EEF0-F58F-4229-8683-674B6CB64B2A}.Debug|Any CPU.Build.0 = Debug|Any CPU
		{1043EEF0-F58F-4229-8683-674B6CB64B2A}.Release|Any CPU.ActiveCfg = Release|Any CPU
		{1043EEF0-F58F-4229-8683-674B6CB64B2A}.Release|Any CPU.Build.0 = Release|Any CPU
		{118EFA9B-B61F-4A33-8BE3-B6F0CC756E24}.Debug|Any CPU.ActiveCfg = Debug|Any CPU
		{118EFA9B-B61F-4A33-8BE3-B6F0CC756E24}.Debug|Any CPU.Build.0 = Debug|Any CPU
		{118EFA9B-B61F-4A33-8BE3-B6F0CC756E24}.Release|Any CPU.ActiveCfg = Release|Any CPU
		{118EFA9B-B61F-4A33-8BE3-B6F0CC756E24}.Release|Any CPU.Build.0 = Release|Any CPU
		{4E8A0F4B-FE84-49F2-907C-27D56DF8E593}.Debug|Any CPU.ActiveCfg = Debug|Any CPU
		{4E8A0F4B-FE84-49F2-907C-27D56DF8E593}.Debug|Any CPU.Build.0 = Debug|Any CPU
		{4E8A0F4B-FE84-49F2-907C-27D56DF8E593}.Release|Any CPU.ActiveCfg = Release|Any CPU
		{4E8A0F4B-FE84-49F2-907C-27D56DF8E593}.Release|Any CPU.Build.0 = Release|Any CPU
		{7FF7C1B0-79E5-4D90-9B6B-660A903F5313}.Debug|Any CPU.ActiveCfg = Debug|Any CPU
		{7FF7C1B0-79E5-4D90-9B6B-660A903F5313}.Debug|Any CPU.Build.0 = Debug|Any CPU
		{7FF7C1B0-79E5-4D90-9B6B-660A903F5313}.Release|Any CPU.ActiveCfg = Release|Any CPU
		{7FF7C1B0-79E5-4D90-9B6B-660A903F5313}.Release|Any CPU.Build.0 = Release|Any CPU
		{F44AF38A-9BBD-4209-A802-917A216E5EE2}.Debug|Any CPU.ActiveCfg = Debug|Any CPU
		{F44AF38A-9BBD-4209-A802-917A216E5EE2}.Debug|Any CPU.Build.0 = Debug|Any CPU
		{F44AF38A-9BBD-4209-A802-917A216E5EE2}.Release|Any CPU.ActiveCfg = Release|Any CPU
		{F44AF38A-9BBD-4209-A802-917A216E5EE2}.Release|Any CPU.Build.0 = Release|Any CPU
	EndGlobalSection
	GlobalSection(SolutionProperties) = preSolution
		HideSolutionNode = FALSE
	EndGlobalSection
	GlobalSection(NestedProjects) = preSolution
		{A05E1F4A-2D1E-4F23-B4DF-BF34E47DEA43} = {4E2C03ED-3494-4ADC-BF08-FFF6CD19F50B}
		{F63233D5-B4FA-43AB-A41B-2BEF19527489} = {A05E1F4A-2D1E-4F23-B4DF-BF34E47DEA43}
		{DD427F4E-6658-42C0-86FD-A6819A1B4C6A} = {4E2C03ED-3494-4ADC-BF08-FFF6CD19F50B}
		{795B0FF5-6E74-4506-B1DD-83C5906C4D77} = {DD427F4E-6658-42C0-86FD-A6819A1B4C6A}
		{BE49F737-EA37-44B8-A21B-1E468CB2D26C} = {4E2C03ED-3494-4ADC-BF08-FFF6CD19F50B}
		{824D0ABD-769B-4AC9-88BD-B48E812E6A4D} = {BE49F737-EA37-44B8-A21B-1E468CB2D26C}
		{1285E9E9-BF80-472D-9C73-36EBF81672F5} = {BE49F737-EA37-44B8-A21B-1E468CB2D26C}
		{EC8C51D8-7EE4-4F6F-8D99-B73AE3A44104} = {4E2C03ED-3494-4ADC-BF08-FFF6CD19F50B}
		{DAF61213-2746-4564-82ED-E2ED53F59F5D} = {EC8C51D8-7EE4-4F6F-8D99-B73AE3A44104}
		{4729F7C0-53EC-487A-9E55-74F7D29FBEFC} = {EC8C51D8-7EE4-4F6F-8D99-B73AE3A44104}
		{1043EEF0-F58F-4229-8683-674B6CB64B2A} = {EC8C51D8-7EE4-4F6F-8D99-B73AE3A44104}
		{118EFA9B-B61F-4A33-8BE3-B6F0CC756E24} = {EC8C51D8-7EE4-4F6F-8D99-B73AE3A44104}
		{4E8A0F4B-FE84-49F2-907C-27D56DF8E593} = {1FB200E2-7E88-4DEC-B124-154949057DD8}
		{7FF7C1B0-79E5-4D90-9B6B-660A903F5313} = {C4B810F2-8BFB-4DC0-97E6-0827FA5DA35F}
		{F44AF38A-9BBD-4209-A802-917A216E5EE2} = {C4B810F2-8BFB-4DC0-97E6-0827FA5DA35F}
	EndGlobalSection
	GlobalSection(ExtensibilityGlobals) = postSolution
		SolutionGuid = {E8901782-BE94-4C0C-AB34-452AF60C2158}
	EndGlobalSection
EndGlobal
